
Microsoft Visual Studio Solution File, Format Version 12.00
# Visual Studio Version 16
VisualStudioVersion = 16.0.31911.196
MinimumVisualStudioVersion = 10.0.40219.1
Project("{8BC9CEB8-8B4A-11D0-8D11-00A0C91BC942}") = "汇编和C混合编程示例", "汇编和C混合编程示例\汇编和C混合编程示例.vcxproj", "{ABD4F364-519E-45DB-AB67-C7350C59F16A}"
EndProject
Global
	GlobalSection(SolutionConfigurationPlatforms) = preSolution
		Debug|x64 = Debug|x64
		Debug|x86 = Debug|x86
		Release|x64 = Release|x64
		Release|x86 = Release|x86
	EndGlobalSection
	GlobalSection(ProjectConfigurationPlatforms) = postSolution
		{ABD4F364-519E-45DB-AB67-C7350C59F16A}.Debug|x64.ActiveCfg = Debug|x64
		{ABD4F364-519E-45DB-AB67-C7350C59F16A}.Debug|x64.Build.0 = Debug|x64
		{ABD4F364-519E-45DB-AB67-C7350C59F16A}.Debug|x86.ActiveCfg = Debug|Win32
		{ABD4F364-519E-45DB-AB67-C7350C59F16A}.Debug|x86.Build.0 = Debug|Win32
		{ABD4F364-519E-45DB-AB67-C7350C59F16A}.Release|x64.ActiveCfg = Release|x64
		{ABD4F364-519E-45DB-AB67-C7350C59F16A}.Release|x64.Build.0 = Release|x64
		{ABD4F364-519E-45DB-AB67-C7350C59F16A}.Release|x86.ActiveCfg = Release|Win32
		{ABD4F364-519E-45DB-AB67-C7350C59F16A}.Release|x86.Build.0 = Release|Win32
	EndGlobalSection
	GlobalSection(SolutionProperties) = preSolution
		HideSolutionNode = FALSE
	EndGlobalSection
	GlobalSection(ExtensibilityGlobals) = postSolution
		SolutionGuid = {BA8297A7-08A6-43EA-A7CA-B95C371A28D7}
	EndGlobalSection
EndGlobal
